# This file is automatically @generated by Cargo.
# It is not intended for manual editing.
version = 4

[[package]]
name = "gawk-audio"
version = "0.0.0"

[[package]]
name = "gawk-broadcast-app"
version = "0.0.0"
dependencies = [
 "gawk-engine",
 "gawk-wire",
]

[[package]]
name = "gawk-capture"
version = "0.0.0"

[[package]]
name = "gawk-encode"
version = "0.0.0"

[[package]]
name = "gawk-engine"
version = "0.0.0"
dependencies = [
 "gawk-wire",
]

[[package]]
name = "gawk-wire"
version = "0.0.0"
